
Microsoft Visual Studio Solution File, Format Version 12.00
# Visual Studio Version 17
VisualStudioVersion = 17.8.34330.188
MinimumVisualStudioVersion = 10.0.40219.1
Project("{FAE04EC0-301F-11D3-BF4B-00C04F79EFBC}") = "MultitonDesignPatternTest", "MultitonDesignPatternTest\MultitonDesignPatternTest.csproj", "{1BF969DD-408E-4B88-9FFC-0D07F9B4B44D}"
EndProject
Global
	GlobalSection(SolutionConfigurationPlatforms) = preSolution
		Debug|Any CPU = Debug|Any CPU
		Release|Any CPU = Release|Any CPU
	EndGlobalSection
	GlobalSection(ProjectConfigurationPlatforms) = postSolution
		{1BF969DD-408E-4B88-9FFC-0D07F9B4B44D}.Debug|Any CPU.ActiveCfg = Debug|Any CPU
		{1BF969DD-408E-4B88-9FFC-0D07F9B4B44D}.Debug|Any CPU.Build.0 = Debug|Any CPU
		{1BF969DD-408E-4B88-9FFC-0D07F9B4B44D}.Release|Any CPU.ActiveCfg = Release|Any CPU
		{1BF969DD-408E-4B88-9FFC-0D07F9B4B44D}.Release|Any CPU.Build.0 = Release|Any CPU
	EndGlobalSection
	GlobalSection(SolutionProperties) = preSolution
		HideSolutionNode = FALSE
	EndGlobalSection
	GlobalSection(ExtensibilityGlobals) = postSolution
		SolutionGuid = {B397EF42-49F6-467C-8DB5-84BAC71E6079}
	EndGlobalSection
EndGlobal
